{
  "version": "v1",
  "packages": {
    "medusa-plugin-customer-email-verified": {
      "signature": "71512ea85fddf9937184f30fd6401a11",
      "file": true
    },
    "customer-registration": {
      "signature": "9645042751cda76cf41f24daa458756f",
      "file": true
    },
    "dynamic-config": {
      "signature": "51ef3c1c57b5da4c109a822b4f1770f7",
      "file": true
    }
  }
}