{
  "version": "v1",
  "packages": {
    "customer-registration": {
      "signature": "243feb74ff4bf8176ca10f1ea0d48a4b",
      "file": true
    },
    "medusa-review-rating": {
      "signature": "8959ee4181328d276c429ac8c57feeee",
      "file": true,
      "replaced": "^0.0.8"
    },
    "medusa-admin-category": {
      "signature": "f1c08bd55159e26b9c3063c4dc5a384d",
      "file": true
    },
    "medusa-product-helper": {
      "signature": "3a01fdcf55939eaa79353003949e42d9",
      "file": true,
      "replaced": "^0.0.9"
    }
  }
}