{
  "version": "v1",
  "packages": {
    "customer-registration": {
      "signature": "243feb74ff4bf8176ca10f1ea0d48a4b",
      "file": true
    },
    "medusa-review-rating": {
      "signature": "34e02a6dba212d5d2f1098ec17405a98",
      "file": true
    },
    "medusa-admin-category": {
      "signature": "f1c08bd55159e26b9c3063c4dc5a384d",
      "file": true
    }
  }
}